[[dependencies]]
name = "@openzeppelin-contracts"
version = "5.2.0"
url = "https://soldeer-revisions.s3.amazonaws.com/@openzeppelin-contracts/5_2_0_11-01-2025_09:30:20_contracts.zip"
checksum = "6dbd0440446b2ed16ca25e9f1af08fc0c5c1e73e71fee86ae8a00daa774e3817"
integrity = "4cb7f3777f67fdf4b7d0e2f94d2f93f198b2e5dce718b7062ac7c2c83e1183bd"

[[dependencies]]
name = "eth-infinitism-account-abstraction"
version = "0.7"
url = "https://soldeer-revisions.s3.amazonaws.com/eth-infinitism-account-abstraction/0_7_29-06-2024_08:28:06_eth-infinitism-account-abstraction-0.7.zip"
checksum = "c102194147224fa5081c78c88af01ee148ea7d799990d98ebbe043c3fc168006"
integrity = "5a359d8124f0fc9a454310d86b10f3eff96d4d1d0090bcdd85af9ba3a92d030b"

[[dependencies]]
name = "forge-std"
version = "1.9.6"
url = "https://soldeer-revisions.s3.amazonaws.com/forge-std/1_9_6_01-02-2025_20:49:10_forge-std-1.9.zip"
checksum = "55f341818321b3f925161a72fd0dcd62e4a0a4b66785a7a932bf2bfaf96fb9d1"
integrity = "e9ecdc364d152157431e5df5aa041ffddbe9bb1c1ad81634b1e72df9e23814e8"

[[dependencies]]
name = "solady"
version = "0.1.8"
url = "https://soldeer-revisions.s3.amazonaws.com/solady/0_1_8_11-02-2025_13:02:52_solady.zip"
checksum = "8c3d658db05db932d765051cf6708f61bcc9b435ad1e4fe9478c2d6e58f83560"
integrity = "bfc4beccbeb725fec034908835064d56f4f3cdc79782928956eaf67694a520ff"

[[dependencies]]
name = "solarray"
version = "0.1"
git = "git@github.com:evmcheb/solarray.git"
rev = "a547630f9bf7837af9e6919d217672afe7abf7f1"
